
Microsoft Visual Studio Solution File, Format Version 12.00
Project("{FAE04EC0-301F-11D3-BF4B-00C04F79EFBC}") = "DataAccess", "DataAccess\DataAccess.csproj", "{13CAFF32-D95C-4973-B91F-0D413AF74DB8}"
EndProject
Project("{FAE04EC0-301F-11D3-BF4B-00C04F79EFBC}") = "Business", "Business\Business.csproj", "{D1628FFB-5CEC-4609-81BE-8A8DE9E5896D}"
EndProject
Project("{FAE04EC0-301F-11D3-BF4B-00C04F79EFBC}") = "Entities", "Entities\Entities.csproj", "{686757D7-3CD9-403E-BA96-80931A4DE66D}"
EndProject
Project("{FAE04EC0-301F-11D3-BF4B-00C04F79EFBC}") = "ConsoleUI", "ConsoleUI\ConsoleUI.csproj", "{04FD6547-B344-48E3-957A-270024ED9FB6}"
EndProject
Project("{FAE04EC0-301F-11D3-BF4B-00C04F79EFBC}") = "Core", "Core\Core.csproj", "{374D2213-ADB1-4B15-96AE-E6E4E88214E4}"
EndProject
Project("{FAE04EC0-301F-11D3-BF4B-00C04F79EFBC}") = "WebAPI", "WebAPI\WebAPI.csproj", "{2ECB04BE-BAB5-4152-8336-F0A375942592}"
EndProject
Global
	GlobalSection(SolutionConfigurationPlatforms) = preSolution
		Debug|Any CPU = Debug|Any CPU
		Release|Any CPU = Release|Any CPU
	EndGlobalSection
	GlobalSection(ProjectConfigurationPlatforms) = postSolution
		{13CAFF32-D95C-4973-B91F-0D413AF74DB8}.Debug|Any CPU.ActiveCfg = Debug|Any CPU
		{13CAFF32-D95C-4973-B91F-0D413AF74DB8}.Debug|Any CPU.Build.0 = Debug|Any CPU
		{13CAFF32-D95C-4973-B91F-0D413AF74DB8}.Release|Any CPU.ActiveCfg = Release|Any CPU
		{13CAFF32-D95C-4973-B91F-0D413AF74DB8}.Release|Any CPU.Build.0 = Release|Any CPU
		{D1628FFB-5CEC-4609-81BE-8A8DE9E5896D}.Debug|Any CPU.ActiveCfg = Debug|Any CPU
		{D1628FFB-5CEC-4609-81BE-8A8DE9E5896D}.Debug|Any CPU.Build.0 = Debug|Any CPU
		{D1628FFB-5CEC-4609-81BE-8A8DE9E5896D}.Release|Any CPU.ActiveCfg = Release|Any CPU
		{D1628FFB-5CEC-4609-81BE-8A8DE9E5896D}.Release|Any CPU.Build.0 = Release|Any CPU
		{686757D7-3CD9-403E-BA96-80931A4DE66D}.Debug|Any CPU.ActiveCfg = Debug|Any CPU
		{686757D7-3CD9-403E-BA96-80931A4DE66D}.Debug|Any CPU.Build.0 = Debug|Any CPU
		{686757D7-3CD9-403E-BA96-80931A4DE66D}.Release|Any CPU.ActiveCfg = Release|Any CPU
		{686757D7-3CD9-403E-BA96-80931A4DE66D}.Release|Any CPU.Build.0 = Release|Any CPU
		{04FD6547-B344-48E3-957A-270024ED9FB6}.Debug|Any CPU.ActiveCfg = Debug|Any CPU
		{04FD6547-B344-48E3-957A-270024ED9FB6}.Debug|Any CPU.Build.0 = Debug|Any CPU
		{04FD6547-B344-48E3-957A-270024ED9FB6}.Release|Any CPU.ActiveCfg = Release|Any CPU
		{04FD6547-B344-48E3-957A-270024ED9FB6}.Release|Any CPU.Build.0 = Release|Any CPU
		{374D2213-ADB1-4B15-96AE-E6E4E88214E4}.Debug|Any CPU.ActiveCfg = Debug|Any CPU
		{374D2213-ADB1-4B15-96AE-E6E4E88214E4}.Debug|Any CPU.Build.0 = Debug|Any CPU
		{374D2213-ADB1-4B15-96AE-E6E4E88214E4}.Release|Any CPU.ActiveCfg = Release|Any CPU
		{374D2213-ADB1-4B15-96AE-E6E4E88214E4}.Release|Any CPU.Build.0 = Release|Any CPU
		{2ECB04BE-BAB5-4152-8336-F0A375942592}.Debug|Any CPU.ActiveCfg = Debug|Any CPU
		{2ECB04BE-BAB5-4152-8336-F0A375942592}.Debug|Any CPU.Build.0 = Debug|Any CPU
		{2ECB04BE-BAB5-4152-8336-F0A375942592}.Release|Any CPU.ActiveCfg = Release|Any CPU
		{2ECB04BE-BAB5-4152-8336-F0A375942592}.Release|Any CPU.Build.0 = Release|Any CPU
	EndGlobalSection
EndGlobal
